// !$*UTF8*$!
{
	archiveVersion = 1;
	classes = {
	};
	objectVersion = 56;
	objects = {

/* Begin PBXBuildFile section */
		06AEC0112B6151AF00A16132 /* ImageCell.swift in Sources */ = {isa = PBXBuildFile; fileRef = 06AEC0102B6151AF00A16132 /* ImageCell.swift */; };
		06AEC0132B6151B700A16132 /* CameraCell.swift in Sources */ = {isa = PBXBuildFile; fileRef = 06AEC0122B6151B700A16132 /* CameraCell.swift */; };
		06AEC0152B6164FF00A16132 /* ImageViewModel.swift in Sources */ = {isa = PBXBuildFile; fileRef = 06AEC0142B6164FF00A16132 /* ImageViewModel.swift */; };
		06AEC0172B616DEA00A16132 /* AlbumCell.swift in Sources */ = {isa = PBXBuildFile; fileRef = 06AEC0162B616DEA00A16132 /* AlbumCell.swift */; };
		06C46A9B2B61FD1E00769FB5 /* CompleteButton.swift in Sources */ = {isa = PBXBuildFile; fileRef = 06C46A9A2B61FD1E00769FB5 /* CompleteButton.swift */; };
		06C46A9D2B61FF3700769FB5 /* NaviTitleButton.swift in Sources */ = {isa = PBXBuildFile; fileRef = 06C46A9C2B61FF3700769FB5 /* NaviTitleButton.swift */; };
		06C46A9F2B620BA900769FB5 /* EditButton.swift in Sources */ = {isa = PBXBuildFile; fileRef = 06C46A9E2B620BA900769FB5 /* EditButton.swift */; };
		06D3360F2B60F60500F2F97A /* AppDelegate.swift in Sources */ = {isa = PBXBuildFile; fileRef = 06D3360E2B60F60500F2F97A /* AppDelegate.swift */; };
		06D336112B60F60500F2F97A /* SceneDelegate.swift in Sources */ = {isa = PBXBuildFile; fileRef = 06D336102B60F60500F2F97A /* SceneDelegate.swift */; };
		06D336132B60F60500F2F97A /* ViewController.swift in Sources */ = {isa = PBXBuildFile; fileRef = 06D336122B60F60500F2F97A /* ViewController.swift */; };
		06D336162B60F60500F2F97A /* Main.storyboard in Resources */ = {isa = PBXBuildFile; fileRef = 06D336142B60F60500F2F97A /* Main.storyboard */; };
		06D336182B60F60800F2F97A /* Assets.xcassets in Resources */ = {isa = PBXBuildFile; fileRef = 06D336172B60F60800F2F97A /* Assets.xcassets */; };
		06D3361B2B60F60800F2F97A /* LaunchScreen.storyboard in Resources */ = {isa = PBXBuildFile; fileRef = 06D336192B60F60800F2F97A /* LaunchScreen.storyboard */; };
		06D336262B60F60800F2F97A /* DanggeunMarketTests.swift in Sources */ = {isa = PBXBuildFile; fileRef = 06D336252B60F60800F2F97A /* DanggeunMarketTests.swift */; };
		06D336302B60F60800F2F97A /* DanggeunMarketUITests.swift in Sources */ = {isa = PBXBuildFile; fileRef = 06D3362F2B60F60800F2F97A /* DanggeunMarketUITests.swift */; };
		06D336322B60F60800F2F97A /* DanggeunMarketUITestsLaunchTests.swift in Sources */ = {isa = PBXBuildFile; fileRef = 06D336312B60F60800F2F97A /* DanggeunMarketUITestsLaunchTests.swift */; };
		06D336442B6101E000F2F97A /* ImageScrollView.swift in Sources */ = {isa = PBXBuildFile; fileRef = 06D336432B6101E000F2F97A /* ImageScrollView.swift */; };
		06D336472B61130500F2F97A /* SelectedImageView.swift in Sources */ = {isa = PBXBuildFile; fileRef = 06D336462B61130500F2F97A /* SelectedImageView.swift */; };
		06D3364A2B61159C00F2F97A /* Ex+UIStackView.swift in Sources */ = {isa = PBXBuildFile; fileRef = 06D336492B61159C00F2F97A /* Ex+UIStackView.swift */; };
		06D3364C2B6115AA00F2F97A /* Ex+UIView.swift in Sources */ = {isa = PBXBuildFile; fileRef = 06D3364B2B6115AA00F2F97A /* Ex+UIView.swift */; };
		06D336522B6133A700F2F97A /* PhotoPickerViewController.swift in Sources */ = {isa = PBXBuildFile; fileRef = 06D336512B6133A700F2F97A /* PhotoPickerViewController.swift */; };
/* End PBXBuildFile section */

/* Begin PBXContainerItemProxy section */
		06D336222B60F60800F2F97A /* PBXContainerItemProxy */ = {
			isa = PBXContainerItemProxy;
			containerPortal = 06D336032B60F60500F2F97A /* Project object */;
			proxyType = 1;
			remoteGlobalIDString = 06D3360A2B60F60500F2F97A;
			remoteInfo = DanggeunMarket;
		};
		06D3362C2B60F60800F2F97A /* PBXContainerItemProxy */ = {
			isa = PBXContainerItemProxy;
			containerPortal = 06D336032B60F60500F2F97A /* Project object */;
			proxyType = 1;
			remoteGlobalIDString = 06D3360A2B60F60500F2F97A;
			remoteInfo = DanggeunMarket;
		};
/* End PBXContainerItemProxy section */

/* Begin PBXFileReference section */
		06AEC0102B6151AF00A16132 /* ImageCell.swift */ = {isa = PBXFileReference; lastKnownFileType = sourcecode.swift; path = ImageCell.swift; sourceTree = "<group>"; };
		06AEC0122B6151B700A16132 /* CameraCell.swift */ = {isa = PBXFileReference; lastKnownFileType = sourcecode.swift; path = CameraCell.swift; sourceTree = "<group>"; };
		06AEC0142B6164FF00A16132 /* ImageViewModel.swift */ = {isa = PBXFileReference; lastKnownFileType = sourcecode.swift; path = ImageViewModel.swift; sourceTree = "<group>"; };
		06AEC0162B616DEA00A16132 /* AlbumCell.swift */ = {isa = PBXFileReference; lastKnownFileType = sourcecode.swift; path = AlbumCell.swift; sourceTree = "<group>"; };
		06C46A9A2B61FD1E00769FB5 /* CompleteButton.swift */ = {isa = PBXFileReference; lastKnownFileType = sourcecode.swift; path = CompleteButton.swift; sourceTree = "<group>"; };
		06C46A9C2B61FF3700769FB5 /* NaviTitleButton.swift */ = {isa = PBXFileReference; lastKnownFileType = sourcecode.swift; path = NaviTitleButton.swift; sourceTree = "<group>"; };
		06C46A9E2B620BA900769FB5 /* EditButton.swift */ = {isa = PBXFileReference; lastKnownFileType = sourcecode.swift; path = EditButton.swift; sourceTree = "<group>"; };
		06D3360B2B60F60500F2F97A /* DanggeunMarket.app */ = {isa = PBXFileReference; explicitFileType = wrapper.application; includeInIndex = 0; path = DanggeunMarket.app; sourceTree = BUILT_PRODUCTS_DIR; };
		06D3360E2B60F60500F2F97A /* AppDelegate.swift */ = {isa = PBXFileReference; lastKnownFileType = sourcecode.swift; path = AppDelegate.swift; sourceTree = "<group>"; };
		06D336102B60F60500F2F97A /* SceneDelegate.swift */ = {isa = PBXFileReference; lastKnownFileType = sourcecode.swift; path = SceneDelegate.swift; sourceTree = "<group>"; };
		06D336122B60F60500F2F97A /* ViewController.swift */ = {isa = PBXFileReference; lastKnownFileType = sourcecode.swift; path = ViewController.swift; sourceTree = "<group>"; };
		06D336152B60F60500F2F97A /* Base */ = {isa = PBXFileReference; lastKnownFileType = file.storyboard; name = Base; path = Base.lproj/Main.storyboard; sourceTree = "<group>"; };
		06D336172B60F60800F2F97A /* Assets.xcassets */ = {isa = PBXFileReference; lastKnownFileType = folder.assetcatalog; path = Assets.xcassets; sourceTree = "<group>"; };
		06D3361A2B60F60800F2F97A /* Base */ = {isa = PBXFileReference; lastKnownFileType = file.storyboard; name = Base; path = Base.lproj/LaunchScreen.storyboard; sourceTree = "<group>"; };
		06D3361C2B60F60800F2F97A /* Info.plist */ = {isa = PBXFileReference; lastKnownFileType = text.plist.xml; path = Info.plist; sourceTree = "<group>"; };
		06D336212B60F60800F2F97A /* DanggeunMarketTests.xctest */ = {isa = PBXFileReference; explicitFileType = wrapper.cfbundle; includeInIndex = 0; path = DanggeunMarketTests.xctest; sourceTree = BUILT_PRODUCTS_DIR; };
		06D336252B60F60800F2F97A /* DanggeunMarketTests.swift */ = {isa = PBXFileReference; lastKnownFileType = sourcecode.swift; path = DanggeunMarketTests.swift; sourceTree = "<group>"; };
		06D3362B2B60F60800F2F97A /* DanggeunMarketUITests.xctest */ = {isa = PBXFileReference; explicitFileType = wrapper.cfbundle; includeInIndex = 0; path = DanggeunMarketUITests.xctest; sourceTree = BUILT_PRODUCTS_DIR; };
		06D3362F2B60F60800F2F97A /* DanggeunMarketUITests.swift */ = {isa = PBXFileReference; lastKnownFileType = sourcecode.swift; path = DanggeunMarketUITests.swift; sourceTree = "<group>"; };
		06D336312B60F60800F2F97A /* DanggeunMarketUITestsLaunchTests.swift */ = {isa = PBXFileReference; lastKnownFileType = sourcecode.swift; path = DanggeunMarketUITestsLaunchTests.swift; sourceTree = "<group>"; };
		06D336432B6101E000F2F97A /* ImageScrollView.swift */ = {isa = PBXFileReference; lastKnownFileType = sourcecode.swift; path = ImageScrollView.swift; sourceTree = "<group>"; };
		06D336462B61130500F2F97A /* SelectedImageView.swift */ = {isa = PBXFileReference; lastKnownFileType = sourcecode.swift; path = SelectedImageView.swift; sourceTree = "<group>"; };
		06D336492B61159C00F2F97A /* Ex+UIStackView.swift */ = {isa = PBXFileReference; lastKnownFileType = sourcecode.swift; path = "Ex+UIStackView.swift"; sourceTree = "<group>"; };
		06D3364B2B6115AA00F2F97A /* Ex+UIView.swift */ = {isa = PBXFileReference; lastKnownFileType = sourcecode.swift; path = "Ex+UIView.swift"; sourceTree = "<group>"; };
		06D336512B6133A700F2F97A /* PhotoPickerViewController.swift */ = {isa = PBXFileReference; lastKnownFileType = sourcecode.swift; path = PhotoPickerViewController.swift; sourceTree = "<group>"; };
/* End PBXFileReference section */

/* Begin PBXFrameworksBuildPhase section */
		06D336082B60F60500F2F97A /* Frameworks */ = {
			isa = PBXFrameworksBuildPhase;
			buildActionMask = 2147483647;
			files = (
			);
			runOnlyForDeploymentPostprocessing = 0;
		};
		06D3361E2B60F60800F2F97A /* Frameworks */ = {
			isa = PBXFrameworksBuildPhase;
			buildActionMask = 2147483647;
			files = (
			);
			runOnlyForDeploymentPostprocessing = 0;
		};
		06D336282B60F60800F2F97A /* Frameworks */ = {
			isa = PBXFrameworksBuildPhase;
			buildActionMask = 2147483647;
			files = (
			);
			runOnlyForDeploymentPostprocessing = 0;
		};
/* End PBXFrameworksBuildPhase section */

/* Begin PBXGroup section */
		06AEC00E2B61515D00A16132 /* ViewControllers */ = {
			isa = PBXGroup;
			children = (
				06D336122B60F60500F2F97A /* ViewController.swift */,
				06D336512B6133A700F2F97A /* PhotoPickerViewController.swift */,
			);
			path = ViewControllers;
			sourceTree = "<group>";
		};
		06AEC00F2B61519D00A16132 /* Cells */ = {
			isa = PBXGroup;
			children = (
				06AEC0102B6151AF00A16132 /* ImageCell.swift */,
				06AEC0122B6151B700A16132 /* CameraCell.swift */,
				06AEC0162B616DEA00A16132 /* AlbumCell.swift */,
			);
			path = Cells;
			sourceTree = "<group>";
		};
		06D336022B60F60500F2F97A = {
			isa = PBXGroup;
			children = (
				06D3360D2B60F60500F2F97A /* DanggeunMarket */,
				06D336242B60F60800F2F97A /* DanggeunMarketTests */,
				06D3362E2B60F60800F2F97A /* DanggeunMarketUITests */,
				06D3360C2B60F60500F2F97A /* Products */,
			);
			sourceTree = "<group>";
		};
		06D3360C2B60F60500F2F97A /* Products */ = {
			isa = PBXGroup;
			children = (
				06D3360B2B60F60500F2F97A /* DanggeunMarket.app */,
				06D336212B60F60800F2F97A /* DanggeunMarketTests.xctest */,
				06D3362B2B60F60800F2F97A /* DanggeunMarketUITests.xctest */,
			);
			name = Products;
			sourceTree = "<group>";
		};
		06D3360D2B60F60500F2F97A /* DanggeunMarket */ = {
			isa = PBXGroup;
			children = (
				06D336102B60F60500F2F97A /* SceneDelegate.swift */,
				06D3360E2B60F60500F2F97A /* AppDelegate.swift */,
				06D336482B61158E00F2F97A /* Resources */,
				06D336422B60FB8000F2F97A /* Sources */,
				06D336142B60F60500F2F97A /* Main.storyboard */,
				06D336192B60F60800F2F97A /* LaunchScreen.storyboard */,
				06D3361C2B60F60800F2F97A /* Info.plist */,
			);
			path = DanggeunMarket;
			sourceTree = "<group>";
		};
		06D336242B60F60800F2F97A /* DanggeunMarketTests */ = {
			isa = PBXGroup;
			children = (
				06D336252B60F60800F2F97A /* DanggeunMarketTests.swift */,
			);
			path = DanggeunMarketTests;
			sourceTree = "<group>";
		};
		06D3362E2B60F60800F2F97A /* DanggeunMarketUITests */ = {
			isa = PBXGroup;
			children = (
				06D3362F2B60F60800F2F97A /* DanggeunMarketUITests.swift */,
				06D336312B60F60800F2F97A /* DanggeunMarketUITestsLaunchTests.swift */,
			);
			path = DanggeunMarketUITests;
			sourceTree = "<group>";
		};
		06D3363F2B60FB5F00F2F97A /* View */ = {
			isa = PBXGroup;
			children = (
				06D336432B6101E000F2F97A /* ImageScrollView.swift */,
				06D336462B61130500F2F97A /* SelectedImageView.swift */,
				06C46A9A2B61FD1E00769FB5 /* CompleteButton.swift */,
				06C46A9C2B61FF3700769FB5 /* NaviTitleButton.swift */,
				06C46A9E2B620BA900769FB5 /* EditButton.swift */,
			);
			path = View;
			sourceTree = "<group>";
		};
		06D336402B60FB6500F2F97A /* ViewModel */ = {
			isa = PBXGroup;
			children = (
				06AEC0142B6164FF00A16132 /* ImageViewModel.swift */,
			);
			path = ViewModel;
			sourceTree = "<group>";
		};
		06D336412B60FB6A00F2F97A /* Model */ = {
			isa = PBXGroup;
			children = (
			);
			path = Model;
			sourceTree = "<group>";
		};
		06D336422B60FB8000F2F97A /* Sources */ = {
			isa = PBXGroup;
			children = (
				06AEC00F2B61519D00A16132 /* Cells */,
				06AEC00E2B61515D00A16132 /* ViewControllers */,
				06D336402B60FB6500F2F97A /* ViewModel */,
				06D3363F2B60FB5F00F2F97A /* View */,
				06D336412B60FB6A00F2F97A /* Model */,
			);
			path = Sources;
			sourceTree = "<group>";
		};
		06D336482B61158E00F2F97A /* Resources */ = {
			isa = PBXGroup;
			children = (
				06D336172B60F60800F2F97A /* Assets.xcassets */,
				06D3364F2B61161900F2F97A /* Extensions */,
			);
			path = Resources;
			sourceTree = "<group>";
		};
		06D3364F2B61161900F2F97A /* Extensions */ = {
			isa = PBXGroup;
			children = (
				06D336492B61159C00F2F97A /* Ex+UIStackView.swift */,
				06D3364B2B6115AA00F2F97A /* Ex+UIView.swift */,
			);
			path = Extensions;
			sourceTree = "<group>";
		};
/* End PBXGroup section */

/* Begin PBXNativeTarget section */
		06D3360A2B60F60500F2F97A /* DanggeunMarket */ = {
			isa = PBXNativeTarget;
			buildConfigurationList = 06D336352B60F60800F2F97A /* Build configuration list for PBXNativeTarget "DanggeunMarket" */;
			buildPhases = (
				06D336072B60F60500F2F97A /* Sources */,
				06D336082B60F60500F2F97A /* Frameworks */,
				06D336092B60F60500F2F97A /* Resources */,
			);
			buildRules = (
			);
			dependencies = (
			);
			name = DanggeunMarket;
			productName = DanggeunMarket;
			productReference = 06D3360B2B60F60500F2F97A /* DanggeunMarket.app */;
			productType = "com.apple.product-type.application";
		};
		06D336202B60F60800F2F97A /* DanggeunMarketTests */ = {
			isa = PBXNativeTarget;
			buildConfigurationList = 06D336382B60F60800F2F97A /* Build configuration list for PBXNativeTarget "DanggeunMarketTests" */;
			buildPhases = (
				06D3361D2B60F60800F2F97A /* Sources */,
				06D3361E2B60F60800F2F97A /* Frameworks */,
				06D3361F2B60F60800F2F97A /* Resources */,
			);
			buildRules = (
			);
			dependencies = (
				06D336232B60F60800F2F97A /* PBXTargetDependency */,
			);
			name = DanggeunMarketTests;
			productName = DanggeunMarketTests;
			productReference = 06D336212B60F60800F2F97A /* DanggeunMarketTests.xctest */;
			productType = "com.apple.product-type.bundle.unit-test";
		};
		06D3362A2B60F60800F2F97A /* DanggeunMarketUITests */ = {
			isa = PBXNativeTarget;
			buildConfigurationList = 06D3363B2B60F60800F2F97A /* Build configuration list for PBXNativeTarget "DanggeunMarketUITests" */;
			buildPhases = (
				06D336272B60F60800F2F97A /* Sources */,
				06D336282B60F60800F2F97A /* Frameworks */,
				06D336292B60F60800F2F97A /* Resources */,
			);
			buildRules = (
			);
			dependencies = (
				06D3362D2B60F60800F2F97A /* PBXTargetDependency */,
			);
			name = DanggeunMarketUITests;
			productName = DanggeunMarketUITests;
			productReference = 06D3362B2B60F60800F2F97A /* DanggeunMarketUITests.xctest */;
			productType = "com.apple.product-type.bundle.ui-testing";
		};
/* End PBXNativeTarget section */

/* Begin PBXProject section */
		06D336032B60F60500F2F97A /* Project object */ = {
			isa = PBXProject;
			attributes = {
				BuildIndependentTargetsInParallel = 1;
				LastSwiftUpdateCheck = 1520;
				LastUpgradeCheck = 1520;
				TargetAttributes = {
					06D3360A2B60F60500F2F97A = {
						CreatedOnToolsVersion = 15.2;
					};
					06D336202B60F60800F2F97A = {
						CreatedOnToolsVersion = 15.2;
						TestTargetID = 06D3360A2B60F60500F2F97A;
					};
					06D3362A2B60F60800F2F97A = {
						CreatedOnToolsVersion = 15.2;
						TestTargetID = 06D3360A2B60F60500F2F97A;
					};
				};
			};
			buildConfigurationList = 06D336062B60F60500F2F97A /* Build configuration list for PBXProject "DanggeunMarket" */;
			compatibilityVersion = "Xcode 14.0";
			developmentRegion = en;
			hasScannedForEncodings = 0;
			knownRegions = (
				en,
				Base,
			);
			mainGroup = 06D336022B60F60500F2F97A;
			productRefGroup = 06D3360C2B60F60500F2F97A /* Products */;
			projectDirPath = "";
			projectRoot = "";
			targets = (
				06D3360A2B60F60500F2F97A /* DanggeunMarket */,
				06D336202B60F60800F2F97A /* DanggeunMarketTests */,
				06D3362A2B60F60800F2F97A /* DanggeunMarketUITests */,
			);
		};
/* End PBXProject section */

/* Begin PBXResourcesBuildPhase section */
		06D336092B60F60500F2F97A /* Resources */ = {
			isa = PBXResourcesBuildPhase;
			buildActionMask = 2147483647;
			files = (
				06D3361B2B60F60800F2F97A /* LaunchScreen.storyboard in Resources */,
				06D336182B60F60800F2F97A /* Assets.xcassets in Resources */,
				06D336162B60F60500F2F97A /* Main.storyboard in Resources */,
			);
			runOnlyForDeploymentPostprocessing = 0;
		};
		06D3361F2B60F60800F2F97A /* Resources */ = {
			isa = PBXResourcesBuildPhase;
			buildActionMask = 2147483647;
			files = (
			);
			runOnlyForDeploymentPostprocessing = 0;
		};
		06D336292B60F60800F2F97A /* Resources */ = {
			isa = PBXResourcesBuildPhase;
			buildActionMask = 2147483647;
			files = (
			);
			runOnlyForDeploymentPostprocessing = 0;
		};
/* End PBXResourcesBuildPhase section */

/* Begin PBXSourcesBuildPhase section */
		06D336072B60F60500F2F97A /* Sources */ = {
			isa = PBXSourcesBuildPhase;
			buildActionMask = 2147483647;
			files = (
				06D336132B60F60500F2F97A /* ViewController.swift in Sources */,
				06D336522B6133A700F2F97A /* PhotoPickerViewController.swift in Sources */,
				06AEC0112B6151AF00A16132 /* ImageCell.swift in Sources */,
				06D336442B6101E000F2F97A /* ImageScrollView.swift in Sources */,
				06C46A9D2B61FF3700769FB5 /* NaviTitleButton.swift in Sources */,
				06AEC0132B6151B700A16132 /* CameraCell.swift in Sources */,
				06D336472B61130500F2F97A /* SelectedImageView.swift in Sources */,
				06D3364C2B6115AA00F2F97A /* Ex+UIView.swift in Sources */,
				06D3360F2B60F60500F2F97A /* AppDelegate.swift in Sources */,
				06D3364A2B61159C00F2F97A /* Ex+UIStackView.swift in Sources */,
				06C46A9F2B620BA900769FB5 /* EditButton.swift in Sources */,
				06C46A9B2B61FD1E00769FB5 /* CompleteButton.swift in Sources */,
				06AEC0152B6164FF00A16132 /* ImageViewModel.swift in Sources */,
				06D336112B60F60500F2F97A /* SceneDelegate.swift in Sources */,
				06AEC0172B616DEA00A16132 /* AlbumCell.swift in Sources */,
			);
			runOnlyForDeploymentPostprocessing = 0;
		};
		06D3361D2B60F60800F2F97A /* Sources */ = {
			isa = PBXSourcesBuildPhase;
			buildActionMask = 2147483647;
			files = (
				06D336262B60F60800F2F97A /* DanggeunMarketTests.swift in Sources */,
			);
			runOnlyForDeploymentPostprocessing = 0;
		};
		06D336272B60F60800F2F97A /* Sources */ = {
			isa = PBXSourcesBuildPhase;
			buildActionMask = 2147483647;
			files = (
				06D336302B60F60800F2F97A /* DanggeunMarketUITests.swift in Sources */,
				06D336322B60F60800F2F97A /* DanggeunMarketUITestsLaunchTests.swift in Sources */,
			);
			runOnlyForDeploymentPostprocessing = 0;
		};
/* End PBXSourcesBuildPhase section */

/* Begin PBXTargetDependency section */
		06D336232B60F60800F2F97A /* PBXTargetDependency */ = {
			isa = PBXTargetDependency;
			target = 06D3360A2B60F60500F2F97A /* DanggeunMarket */;
			targetProxy = 06D336222B60F60800F2F97A /* PBXContainerItemProxy */;
		};
		06D3362D2B60F60800F2F97A /* PBXTargetDependency */ = {
			isa = PBXTargetDependency;
			target = 06D3360A2B60F60500F2F97A /* DanggeunMarket */;
			targetProxy = 06D3362C2B60F60800F2F97A /* PBXContainerItemProxy */;
		};
/* End PBXTargetDependency section */

/* Begin PBXVariantGroup section */
		06D336142B60F60500F2F97A /* Main.storyboard */ = {
			isa = PBXVariantGroup;
			children = (
				06D336152B60F60500F2F97A /* Base */,
			);
			name = Main.storyboard;
			sourceTree = "<group>";
		};
		06D336192B60F60800F2F97A /* LaunchScreen.storyboard */ = {
			isa = PBXVariantGroup;
			children = (
				06D3361A2B60F60800F2F97A /* Base */,
			);
			name = LaunchScreen.storyboard;
			sourceTree = "<group>";
		};
/* End PBXVariantGroup section */

/* Begin XCBuildConfiguration section */
		06D336332B60F60800F2F97A /* Debug */ = {
			isa = XCBuildConfiguration;
			buildSettings = {
				ALWAYS_SEARCH_USER_PATHS = NO;
				ASSETCATALOG_COMPILER_GENERATE_SWIFT_ASSET_SYMBOL_EXTENSIONS = YES;
				CLANG_ANALYZER_NONNULL = YES;
				CLANG_ANALYZER_NUMBER_OBJECT_CONVERSION = YES_AGGRESSIVE;
				CLANG_CXX_LANGUAGE_STANDARD = "gnu++20";
				CLANG_ENABLE_MODULES = YES;
				CLANG_ENABLE_OBJC_ARC = YES;
				CLANG_ENABLE_OBJC_WEAK = YES;
				CLANG_WARN_BLOCK_CAPTURE_AUTORELEASING = YES;
				CLANG_WARN_BOOL_CONVERSION = YES;
				CLANG_WARN_COMMA = YES;
				CLANG_WARN_CONSTANT_CONVERSION = YES;
				CLANG_WARN_DEPRECATED_OBJC_IMPLEMENTATIONS = YES;
				CLANG_WARN_DIRECT_OBJC_ISA_USAGE = YES_ERROR;
				CLANG_WARN_DOCUMENTATION_COMMENTS = YES;
				CLANG_WARN_EMPTY_BODY = YES;
				CLANG_WARN_ENUM_CONVERSION = YES;
				CLANG_WARN_INFINITE_RECURSION = YES;
				CLANG_WARN_INT_CONVERSION = YES;
				CLANG_WARN_NON_LITERAL_NULL_CONVERSION = YES;
				CLANG_WARN_OBJC_IMPLICIT_RETAIN_SELF = YES;
				CLANG_WARN_OBJC_LITERAL_CONVERSION = YES;
				CLANG_WARN_OBJC_ROOT_CLASS = YES_ERROR;
				CLANG_WARN_QUOTED_INCLUDE_IN_FRAMEWORK_HEADER = YES;
				CLANG_WARN_RANGE_LOOP_ANALYSIS = YES;
				CLANG_WARN_STRICT_PROTOTYPES = YES;
				CLANG_WARN_SUSPICIOUS_MOVE = YES;
				CLANG_WARN_UNGUARDED_AVAILABILITY = YES_AGGRESSIVE;
				CLANG_WARN_UNREACHABLE_CODE = YES;
				CLANG_WARN__DUPLICATE_METHOD_MATCH = YES;
				COPY_PHASE_STRIP = NO;
				DEBUG_INFORMATION_FORMAT = dwarf;
				ENABLE_STRICT_OBJC_MSGSEND = YES;
				ENABLE_TESTABILITY = YES;
				ENABLE_USER_SCRIPT_SANDBOXING = YES;
				GCC_C_LANGUAGE_STANDARD = gnu17;
				GCC_DYNAMIC_NO_PIC = NO;
				GCC_NO_COMMON_BLOCKS = YES;
				GCC_OPTIMIZATION_LEVEL = 0;
				GCC_PREPROCESSOR_DEFINITIONS = (
					"DEBUG=1",
					"$(inherited)",
				);
				GCC_WARN_64_TO_32_BIT_CONVERSION = YES;
				GCC_WARN_ABOUT_RETURN_TYPE = YES_ERROR;
				GCC_WARN_UNDECLARED_SELECTOR = YES;
				GCC_WARN_UNINITIALIZED_AUTOS = YES_AGGRESSIVE;
				GCC_WARN_UNUSED_FUNCTION = YES;
				GCC_WARN_UNUSED_VARIABLE = YES;
				IPHONEOS_DEPLOYMENT_TARGET = 17.2;
				LOCALIZATION_PREFERS_STRING_CATALOGS = YES;
				MTL_ENABLE_DEBUG_INFO = INCLUDE_SOURCE;
				MTL_FAST_MATH = YES;
				ONLY_ACTIVE_ARCH = YES;
				SDKROOT = iphoneos;
				SWIFT_ACTIVE_COMPILATION_CONDITIONS = "DEBUG $(inherited)";
				SWIFT_OPTIMIZATION_LEVEL = "-Onone";
			};
			name = Debug;
		};
		06D336342B60F60800F2F97A /* Release */ = {
			isa = XCBuildConfiguration;
			buildSettings = {
				ALWAYS_SEARCH_USER_PATHS = NO;
				ASSETCATALOG_COMPILER_GENERATE_SWIFT_ASSET_SYMBOL_EXTENSIONS = YES;
				CLANG_ANALYZER_NONNULL = YES;
				CLANG_ANALYZER_NUMBER_OBJECT_CONVERSION = YES_AGGRESSIVE;
				CLANG_CXX_LANGUAGE_STANDARD = "gnu++20";
				CLANG_ENABLE_MODULES = YES;
				CLANG_ENABLE_OBJC_ARC = YES;
				CLANG_ENABLE_OBJC_WEAK = YES;
				CLANG_WARN_BLOCK_CAPTURE_AUTORELEASING = YES;
				CLANG_WARN_BOOL_CONVERSION = YES;
				CLANG_WARN_COMMA = YES;
				CLANG_WARN_CONSTANT_CONVERSION = YES;
				CLANG_WARN_DEPRECATED_OBJC_IMPLEMENTATIONS = YES;
				CLANG_WARN_DIRECT_OBJC_ISA_USAGE = YES_ERROR;
				CLANG_WARN_DOCUMENTATION_COMMENTS = YES;
				CLANG_WARN_EMPTY_BODY = YES;
				CLANG_WARN_ENUM_CONVERSION = YES;
				CLANG_WARN_INFINITE_RECURSION = YES;
				CLANG_WARN_INT_CONVERSION = YES;
				CLANG_WARN_NON_LITERAL_NULL_CONVERSION = YES;
				CLANG_WARN_OBJC_IMPLICIT_RETAIN_SELF = YES;
				CLANG_WARN_OBJC_LITERAL_CONVERSION = YES;
				CLANG_WARN_OBJC_ROOT_CLASS = YES_ERROR;
				CLANG_WARN_QUOTED_INCLUDE_IN_FRAMEWORK_HEADER = YES;
				CLANG_WARN_RANGE_LOOP_ANALYSIS = YES;
				CLANG_WARN_STRICT_PROTOTYPES = YES;
				CLANG_WARN_SUSPICIOUS_MOVE = YES;
				CLANG_WARN_UNGUARDED_AVAILABILITY = YES_AGGRESSIVE;
				CLANG_WARN_UNREACHABLE_CODE = YES;
				CLANG_WARN__DUPLICATE_METHOD_MATCH = YES;
				COPY_PHASE_STRIP = NO;
				DEBUG_INFORMATION_FORMAT = "dwarf-with-dsym";
				ENABLE_NS_ASSERTIONS = NO;
				ENABLE_STRICT_OBJC_MSGSEND = YES;
				ENABLE_USER_SCRIPT_SANDBOXING = YES;
				GCC_C_LANGUAGE_STANDARD = gnu17;
				GCC_NO_COMMON_BLOCKS = YES;
				GCC_WARN_64_TO_32_BIT_CONVERSION = YES;
				GCC_WARN_ABOUT_RETURN_TYPE = YES_ERROR;
				GCC_WARN_UNDECLARED_SELECTOR = YES;
				GCC_WARN_UNINITIALIZED_AUTOS = YES_AGGRESSIVE;
				GCC_WARN_UNUSED_FUNCTION = YES;
				GCC_WARN_UNUSED_VARIABLE = YES;
				IPHONEOS_DEPLOYMENT_TARGET = 17.2;
				LOCALIZATION_PREFERS_STRING_CATALOGS = YES;
				MTL_ENABLE_DEBUG_INFO = NO;
				MTL_FAST_MATH = YES;
				SDKROOT = iphoneos;
				SWIFT_COMPILATION_MODE = wholemodule;
				VALIDATE_PRODUCT = YES;
			};
			name = Release;
		};
		06D336362B60F60800F2F97A /* Debug */ = {
			isa = XCBuildConfiguration;
			buildSettings = {
				ASSETCATALOG_COMPILER_APPICON_NAME = AppIcon;
				ASSETCATALOG_COMPILER_GLOBAL_ACCENT_COLOR_NAME = AccentColor;
				CODE_SIGN_STYLE = Automatic;
				CURRENT_PROJECT_VERSION = 1;
				DEVELOPMENT_TEAM = Z8GC9N3WDL;
				GENERATE_INFOPLIST_FILE = YES;
				INFOPLIST_FILE = DanggeunMarket/Info.plist;
				INFOPLIST_KEY_UIApplicationSupportsIndirectInputEvents = YES;
				INFOPLIST_KEY_UILaunchStoryboardName = LaunchScreen;
				INFOPLIST_KEY_UIMainStoryboardFile = Main;
				INFOPLIST_KEY_UISupportedInterfaceOrientations_iPad = "UIInterfaceOrientationPortrait UIInterfaceOrientationPortraitUpsideDown UIInterfaceOrientationLandscapeLeft UIInterfaceOrientationLandscapeRight";
				INFOPLIST_KEY_UISupportedInterfaceOrientations_iPhone = "UIInterfaceOrientationPortrait UIInterfaceOrientationLandscapeLeft UIInterfaceOrientationLandscapeRight";
				LD_RUNPATH_SEARCH_PATHS = (
					"$(inherited)",
					"@executable_path/Frameworks",
				);
				MARKETING_VERSION = 1.0;
				PRODUCT_BUNDLE_IDENTIFIER = wonder.DanggeunMarket;
				PRODUCT_NAME = "$(TARGET_NAME)";
				SWIFT_EMIT_LOC_STRINGS = YES;
				SWIFT_VERSION = 5.0;
				TARGETED_DEVICE_FAMILY = "1,2";
			};
			name = Debug;
		};
		06D336372B60F60800F2F97A /* Release */ = {
			isa = XCBuildConfiguration;
			buildSettings = {
				ASSETCATALOG_COMPILER_APPICON_NAME = AppIcon;
				ASSETCATALOG_COMPILER_GLOBAL_ACCENT_COLOR_NAME = AccentColor;
				CODE_SIGN_STYLE = Automatic;
				CURRENT_PROJECT_VERSION = 1;
				DEVELOPMENT_TEAM = Z8GC9N3WDL;
				GENERATE_INFOPLIST_FILE = YES;
				INFOPLIST_FILE = DanggeunMarket/Info.plist;
				INFOPLIST_KEY_UIApplicationSupportsIndirectInputEvents = YES;
				INFOPLIST_KEY_UILaunchStoryboardName = LaunchScreen;
				INFOPLIST_KEY_UIMainStoryboardFile = Main;
				INFOPLIST_KEY_UISupportedInterfaceOrientations_iPad = "UIInterfaceOrientationPortrait UIInterfaceOrientationPortraitUpsideDown UIInterfaceOrientationLandscapeLeft UIInterfaceOrientationLandscapeRight";
				INFOPLIST_KEY_UISupportedInterfaceOrientations_iPhone = "UIInterfaceOrientationPortrait UIInterfaceOrientationLandscapeLeft UIInterfaceOrientationLandscapeRight";
				LD_RUNPATH_SEARCH_PATHS = (
					"$(inherited)",
					"@executable_path/Frameworks",
				);
				MARKETING_VERSION = 1.0;
				PRODUCT_BUNDLE_IDENTIFIER = wonder.DanggeunMarket;
				PRODUCT_NAME = "$(TARGET_NAME)";
				SWIFT_EMIT_LOC_STRINGS = YES;
				SWIFT_VERSION = 5.0;
				TARGETED_DEVICE_FAMILY = "1,2";
			};
			name = Release;
		};
		06D336392B60F60800F2F97A /* Debug */ = {
			isa = XCBuildConfiguration;
			buildSettings = {
				ALWAYS_EMBED_SWIFT_STANDARD_LIBRARIES = YES;
				BUNDLE_LOADER = "$(TEST_HOST)";
				CODE_SIGN_STYLE = Automatic;
				CURRENT_PROJECT_VERSION = 1;
				DEVELOPMENT_TEAM = Z8GC9N3WDL;
				GENERATE_INFOPLIST_FILE = YES;
				IPHONEOS_DEPLOYMENT_TARGET = 17.2;
				MARKETING_VERSION = 1.0;
				PRODUCT_BUNDLE_IDENTIFIER = wonder.DanggeunMarketTests;
				PRODUCT_NAME = "$(TARGET_NAME)";
				SWIFT_EMIT_LOC_STRINGS = NO;
				SWIFT_VERSION = 5.0;
				TARGETED_DEVICE_FAMILY = "1,2";
				TEST_HOST = "$(BUILT_PRODUCTS_DIR)/DanggeunMarket.app/$(BUNDLE_EXECUTABLE_FOLDER_PATH)/DanggeunMarket";
			};
			name = Debug;
		};
		06D3363A2B60F60800F2F97A /* Release */ = {
			isa = XCBuildConfiguration;
			buildSettings = {
				ALWAYS_EMBED_SWIFT_STANDARD_LIBRARIES = YES;
				BUNDLE_LOADER = "$(TEST_HOST)";
				CODE_SIGN_STYLE = Automatic;
				CURRENT_PROJECT_VERSION = 1;
				DEVELOPMENT_TEAM = Z8GC9N3WDL;
				GENERATE_INFOPLIST_FILE = YES;
				IPHONEOS_DEPLOYMENT_TARGET = 17.2;
				MARKETING_VERSION = 1.0;
				PRODUCT_BUNDLE_IDENTIFIER = wonder.DanggeunMarketTests;
				PRODUCT_NAME = "$(TARGET_NAME)";
				SWIFT_EMIT_LOC_STRINGS = NO;
				SWIFT_VERSION = 5.0;
				TARGETED_DEVICE_FAMILY = "1,2";
				TEST_HOST = "$(BUILT_PRODUCTS_DIR)/DanggeunMarket.app/$(BUNDLE_EXECUTABLE_FOLDER_PATH)/DanggeunMarket";
			};
			name = Release;
		};
		06D3363C2B60F60800F2F97A /* Debug */ = {
			isa = XCBuildConfiguration;
			buildSettings = {
				ALWAYS_EMBED_SWIFT_STANDARD_LIBRARIES = YES;
				CODE_SIGN_STYLE = Automatic;
				CURRENT_PROJECT_VERSION = 1;
				DEVELOPMENT_TEAM = Z8GC9N3WDL;
				GENERATE_INFOPLIST_FILE = YES;
				MARKETING_VERSION = 1.0;
				PRODUCT_BUNDLE_IDENTIFIER = wonder.DanggeunMarketUITests;
				PRODUCT_NAME = "$(TARGET_NAME)";
				SWIFT_EMIT_LOC_STRINGS = NO;
				SWIFT_VERSION = 5.0;
				TARGETED_DEVICE_FAMILY = "1,2";
				TEST_TARGET_NAME = DanggeunMarket;
			};
			name = Debug;
		};
		06D3363D2B60F60800F2F97A /* Release */ = {
			isa = XCBuildConfiguration;
			buildSettings = {
				ALWAYS_EMBED_SWIFT_STANDARD_LIBRARIES = YES;
				CODE_SIGN_STYLE = Automatic;
				CURRENT_PROJECT_VERSION = 1;
				DEVELOPMENT_TEAM = Z8GC9N3WDL;
				GENERATE_INFOPLIST_FILE = YES;
				MARKETING_VERSION = 1.0;
				PRODUCT_BUNDLE_IDENTIFIER = wonder.DanggeunMarketUITests;
				PRODUCT_NAME = "$(TARGET_NAME)";
				SWIFT_EMIT_LOC_STRINGS = NO;
				SWIFT_VERSION = 5.0;
				TARGETED_DEVICE_FAMILY = "1,2";
				TEST_TARGET_NAME = DanggeunMarket;
			};
			name = Release;
		};
/* End XCBuildConfiguration section */

/* Begin XCConfigurationList section */
		06D336062B60F60500F2F97A /* Build configuration list for PBXProject "DanggeunMarket" */ = {
			isa = XCConfigurationList;
			buildConfigurations = (
				06D336332B60F60800F2F97A /* Debug */,
				06D336342B60F60800F2F97A /* Release */,
			);
			defaultConfigurationIsVisible = 0;
			defaultConfigurationName = Release;
		};
		06D336352B60F60800F2F97A /* Build configuration list for PBXNativeTarget "DanggeunMarket" */ = {
			isa = XCConfigurationList;
			buildConfigurations = (
				06D336362B60F60800F2F97A /* Debug */,
				06D336372B60F60800F2F97A /* Release */,
			);
			defaultConfigurationIsVisible = 0;
			defaultConfigurationName = Release;
		};
		06D336382B60F60800F2F97A /* Build configuration list for PBXNativeTarget "DanggeunMarketTests" */ = {
			isa = XCConfigurationList;
			buildConfigurations = (
				06D336392B60F60800F2F97A /* Debug */,
				06D3363A2B60F60800F2F97A /* Release */,
			);
			defaultConfigurationIsVisible = 0;
			defaultConfigurationName = Release;
		};
		06D3363B2B60F60800F2F97A /* Build configuration list for PBXNativeTarget "DanggeunMarketUITests" */ = {
			isa = XCConfigurationList;
			buildConfigurations = (
				06D3363C2B60F60800F2F97A /* Debug */,
				06D3363D2B60F60800F2F97A /* Release */,
			);
			defaultConfigurationIsVisible = 0;
			defaultConfigurationName = Release;
		};
/* End XCConfigurationList section */
	};
	rootObject = 06D336032B60F60500F2F97A /* Project object */;
}
